// !$*UTF8*$!
{
	archiveVersion = 1;
	classes = {
	};
	objectVersion = 56;
	objects = {

/* Begin PBXBuildFile section */
		A05C9B252AE236390044F472 /* SettingsView.swift in Sources */ = {isa = PBXBuildFile; fileRef = A05C9B242AE236390044F472 /* SettingsView.swift */; };
		A05C9B292AE2367D0044F472 /* AllProfilesView.swift in Sources */ = {isa = PBXBuildFile; fileRef = A05C9B282AE2367D0044F472 /* AllProfilesView.swift */; };
		A05C9B2B2AE2368B0044F472 /* EditProfileView.swift in Sources */ = {isa = PBXBuildFile; fileRef = A05C9B2A2AE2368B0044F472 /* EditProfileView.swift */; };
		A05C9B2D2AE236960044F472 /* FreeRunView.swift in Sources */ = {isa = PBXBuildFile; fileRef = A05C9B2C2AE236960044F472 /* FreeRunView.swift */; };
		A05C9B2F2AE2369F0044F472 /* CycleRunView.swift in Sources */ = {isa = PBXBuildFile; fileRef = A05C9B2E2AE2369F0044F472 /* CycleRunView.swift */; };
		A05C9B332AE435FF0044F472 /* User.swift in Sources */ = {isa = PBXBuildFile; fileRef = A05C9B322AE435FF0044F472 /* User.swift */; };
		A05C9B352AE436190044F472 /* BluetoothConnectView.swift in Sources */ = {isa = PBXBuildFile; fileRef = A05C9B342AE436190044F472 /* BluetoothConnectView.swift */; };
		A05C9B492AE437ED0044F472 /* WelcomeScreenView.swift in Sources */ = {isa = PBXBuildFile; fileRef = A05C9B482AE437ED0044F472 /* WelcomeScreenView.swift */; };
		A05C9B4D2AE45FF30044F472 /* AllActionsView.swift in Sources */ = {isa = PBXBuildFile; fileRef = A05C9B4C2AE45FF30044F472 /* AllActionsView.swift */; };
		A05C9B512AE471360044F472 /* HeaderView.swift in Sources */ = {isa = PBXBuildFile; fileRef = A05C9B502AE471360044F472 /* HeaderView.swift */; };
		A0754B642AB7BE7C00DEB850 /* ATC-Sensory-Device-iOSApp.swift in Sources */ = {isa = PBXBuildFile; fileRef = A0754B632AB7BE7C00DEB850 /* ATC-Sensory-Device-iOSApp.swift */; };
		A0754B682AB7BE7F00DEB850 /* Assets.xcassets in Resources */ = {isa = PBXBuildFile; fileRef = A0754B672AB7BE7F00DEB850 /* Assets.xcassets */; };
		A0754B6B2AB7BE7F00DEB850 /* Preview Assets.xcassets in Resources */ = {isa = PBXBuildFile; fileRef = A0754B6A2AB7BE7F00DEB850 /* Preview Assets.xcassets */; };
		A0754B732AB7DE3D00DEB850 /* BLEController.swift in Sources */ = {isa = PBXBuildFile; fileRef = A0754B722AB7DE3D00DEB850 /* BLEController.swift */; };
		A0754B752AB7E22C00DEB850 /* CBUUIDs.swift in Sources */ = {isa = PBXBuildFile; fileRef = A0754B742AB7E22C00DEB850 /* CBUUIDs.swift */; };
/* End PBXBuildFile section */

/* Begin PBXFileReference section */
		A05C9B242AE236390044F472 /* SettingsView.swift */ = {isa = PBXFileReference; lastKnownFileType = sourcecode.swift; path = SettingsView.swift; sourceTree = "<group>"; };
		A05C9B282AE2367D0044F472 /* AllProfilesView.swift */ = {isa = PBXFileReference; lastKnownFileType = sourcecode.swift; path = AllProfilesView.swift; sourceTree = "<group>"; };
		A05C9B2A2AE2368B0044F472 /* EditProfileView.swift */ = {isa = PBXFileReference; lastKnownFileType = sourcecode.swift; path = EditProfileView.swift; sourceTree = "<group>"; };
		A05C9B2C2AE236960044F472 /* FreeRunView.swift */ = {isa = PBXFileReference; lastKnownFileType = sourcecode.swift; path = FreeRunView.swift; sourceTree = "<group>"; };
		A05C9B2E2AE2369F0044F472 /* CycleRunView.swift */ = {isa = PBXFileReference; lastKnownFileType = sourcecode.swift; path = CycleRunView.swift; sourceTree = "<group>"; };
		A05C9B322AE435FF0044F472 /* User.swift */ = {isa = PBXFileReference; lastKnownFileType = sourcecode.swift; path = User.swift; sourceTree = "<group>"; };
		A05C9B342AE436190044F472 /* BluetoothConnectView.swift */ = {isa = PBXFileReference; lastKnownFileType = sourcecode.swift; path = BluetoothConnectView.swift; sourceTree = "<group>"; };
		A05C9B482AE437ED0044F472 /* WelcomeScreenView.swift */ = {isa = PBXFileReference; lastKnownFileType = sourcecode.swift; path = WelcomeScreenView.swift; sourceTree = "<group>"; };
		A05C9B4C2AE45FF30044F472 /* AllActionsView.swift */ = {isa = PBXFileReference; lastKnownFileType = sourcecode.swift; path = AllActionsView.swift; sourceTree = "<group>"; };
		A05C9B502AE471360044F472 /* HeaderView.swift */ = {isa = PBXFileReference; lastKnownFileType = sourcecode.swift; path = HeaderView.swift; sourceTree = "<group>"; };
		A0754B602AB7BE7C00DEB850 /* ATC-Sensory-Device-iOS.app */ = {isa = PBXFileReference; explicitFileType = wrapper.application; includeInIndex = 0; path = "ATC-Sensory-Device-iOS.app"; sourceTree = BUILT_PRODUCTS_DIR; };
		A0754B632AB7BE7C00DEB850 /* ATC-Sensory-Device-iOSApp.swift */ = {isa = PBXFileReference; lastKnownFileType = sourcecode.swift; path = "ATC-Sensory-Device-iOSApp.swift"; sourceTree = "<group>"; };
		A0754B672AB7BE7F00DEB850 /* Assets.xcassets */ = {isa = PBXFileReference; lastKnownFileType = folder.assetcatalog; path = Assets.xcassets; sourceTree = "<group>"; };
		A0754B6A2AB7BE7F00DEB850 /* Preview Assets.xcassets */ = {isa = PBXFileReference; lastKnownFileType = folder.assetcatalog; path = "Preview Assets.xcassets"; sourceTree = "<group>"; };
		A0754B712AB7DDB500DEB850 /* ATC-Sensory-Device-iOS-Info.plist */ = {isa = PBXFileReference; lastKnownFileType = text.plist.xml; path = "ATC-Sensory-Device-iOS-Info.plist"; sourceTree = SOURCE_ROOT; };
		A0754B722AB7DE3D00DEB850 /* BLEController.swift */ = {isa = PBXFileReference; lastKnownFileType = sourcecode.swift; path = BLEController.swift; sourceTree = "<group>"; };
		A0754B742AB7E22C00DEB850 /* CBUUIDs.swift */ = {isa = PBXFileReference; lastKnownFileType = sourcecode.swift; path = CBUUIDs.swift; sourceTree = "<group>"; };
/* End PBXFileReference section */

/* Begin PBXFrameworksBuildPhase section */
		A0754B5D2AB7BE7C00DEB850 /* Frameworks */ = {
			isa = PBXFrameworksBuildPhase;
			buildActionMask = 2147483647;
			files = (
			);
			runOnlyForDeploymentPostprocessing = 0;
		};
/* End PBXFrameworksBuildPhase section */

/* Begin PBXGroup section */
		A0754B572AB7BE7B00DEB850 = {
			isa = PBXGroup;
			children = (
				A0754B712AB7DDB500DEB850 /* ATC-Sensory-Device-iOS-Info.plist */,
				A0754B622AB7BE7C00DEB850 /* ATC-Sensory-Device-iOS */,
				A0754B612AB7BE7C00DEB850 /* Products */,
			);
			sourceTree = "<group>";
		};
		A0754B612AB7BE7C00DEB850 /* Products */ = {
			isa = PBXGroup;
			children = (
				A0754B602AB7BE7C00DEB850 /* ATC-Sensory-Device-iOS.app */,
			);
			name = Products;
			sourceTree = "<group>";
		};
		A0754B622AB7BE7C00DEB850 /* ATC-Sensory-Device-iOS */ = {
			isa = PBXGroup;
			children = (
				A0A9265D2ADF535F003697F6 /* Models */,
				A0A9265C2ADF5357003697F6 /* ViewModels */,
				A0A9265B2ADF5353003697F6 /* Views */,
				A0754B672AB7BE7F00DEB850 /* Assets.xcassets */,
				A0754B632AB7BE7C00DEB850 /* ATC-Sensory-Device-iOSApp.swift */,
				A0754B692AB7BE7F00DEB850 /* Preview Content */,
			);
			path = "ATC-Sensory-Device-iOS";
			sourceTree = "<group>";
		};
		A0754B692AB7BE7F00DEB850 /* Preview Content */ = {
			isa = PBXGroup;
			children = (
				A0754B6A2AB7BE7F00DEB850 /* Preview Assets.xcassets */,
			);
			name = "Preview Content";
			path = ..;
			sourceTree = "<group>";
		};
		A0A9265B2ADF5353003697F6 /* Views */ = {
			isa = PBXGroup;
			children = (
				A05C9B502AE471360044F472 /* HeaderView.swift */,
				A05C9B482AE437ED0044F472 /* WelcomeScreenView.swift */,
				A05C9B4C2AE45FF30044F472 /* AllActionsView.swift */,
				A05C9B242AE236390044F472 /* SettingsView.swift */,
				A05C9B342AE436190044F472 /* BluetoothConnectView.swift */,
				A05C9B2C2AE236960044F472 /* FreeRunView.swift */,
				A05C9B2E2AE2369F0044F472 /* CycleRunView.swift */,
				A05C9B282AE2367D0044F472 /* AllProfilesView.swift */,
				A05C9B2A2AE2368B0044F472 /* EditProfileView.swift */,
			);
			path = Views;
			sourceTree = "<group>";
		};
		A0A9265C2ADF5357003697F6 /* ViewModels */ = {
			isa = PBXGroup;
			children = (
				A0754B722AB7DE3D00DEB850 /* BLEController.swift */,
			);
			path = ViewModels;
			sourceTree = "<group>";
		};
		A0A9265D2ADF535F003697F6 /* Models */ = {
			isa = PBXGroup;
			children = (
				A05C9B322AE435FF0044F472 /* User.swift */,
				A0754B742AB7E22C00DEB850 /* CBUUIDs.swift */,
			);
			path = Models;
			sourceTree = "<group>";
		};
/* End PBXGroup section */

/* Begin PBXNativeTarget section */
		A0754B5F2AB7BE7C00DEB850 /* ATC-Sensory-Device-iOS */ = {
			isa = PBXNativeTarget;
			buildConfigurationList = A0754B6E2AB7BE7F00DEB850 /* Build configuration list for PBXNativeTarget "ATC-Sensory-Device-iOS" */;
			buildPhases = (
				A0754B5C2AB7BE7C00DEB850 /* Sources */,
				A0754B5D2AB7BE7C00DEB850 /* Frameworks */,
				A0754B5E2AB7BE7C00DEB850 /* Resources */,
			);
			buildRules = (
			);
			dependencies = (
			);
			name = "ATC-Sensory-Device-iOS";
			productName = "ATC Sensory Cuff";
			productReference = A0754B602AB7BE7C00DEB850 /* ATC-Sensory-Device-iOS.app */;
			productType = "com.apple.product-type.application";
		};
/* End PBXNativeTarget section */

/* Begin PBXProject section */
		A0754B582AB7BE7B00DEB850 /* Project object */ = {
			isa = PBXProject;
			attributes = {
				BuildIndependentTargetsInParallel = 1;
				LastSwiftUpdateCheck = 1420;
				LastUpgradeCheck = 1500;
				TargetAttributes = {
					A0754B5F2AB7BE7C00DEB850 = {
						CreatedOnToolsVersion = 14.2;
					};
				};
			};
			buildConfigurationList = A0754B5B2AB7BE7B00DEB850 /* Build configuration list for PBXProject "ATC-Sensory-Device-iOS" */;
			compatibilityVersion = "Xcode 14.0";
			developmentRegion = en;
			hasScannedForEncodings = 0;
			knownRegions = (
				en,
				Base,
			);
			mainGroup = A0754B572AB7BE7B00DEB850;
			productRefGroup = A0754B612AB7BE7C00DEB850 /* Products */;
			projectDirPath = "";
			projectRoot = "";
			targets = (
				A0754B5F2AB7BE7C00DEB850 /* ATC-Sensory-Device-iOS */,
			);
		};
/* End PBXProject section */

/* Begin PBXResourcesBuildPhase section */
		A0754B5E2AB7BE7C00DEB850 /* Resources */ = {
			isa = PBXResourcesBuildPhase;
			buildActionMask = 2147483647;
			files = (
				A0754B6B2AB7BE7F00DEB850 /* Preview Assets.xcassets in Resources */,
				A0754B682AB7BE7F00DEB850 /* Assets.xcassets in Resources */,
			);
			runOnlyForDeploymentPostprocessing = 0;
		};
/* End PBXResourcesBuildPhase section */

/* Begin PBXSourcesBuildPhase section */
		A0754B5C2AB7BE7C00DEB850 /* Sources */ = {
			isa = PBXSourcesBuildPhase;
			buildActionMask = 2147483647;
			files = (
				A05C9B492AE437ED0044F472 /* WelcomeScreenView.swift in Sources */,
				A05C9B2B2AE2368B0044F472 /* EditProfileView.swift in Sources */,
				A0754B642AB7BE7C00DEB850 /* ATC-Sensory-Device-iOSApp.swift in Sources */,
				A05C9B292AE2367D0044F472 /* AllProfilesView.swift in Sources */,
				A05C9B252AE236390044F472 /* SettingsView.swift in Sources */,
				A05C9B352AE436190044F472 /* BluetoothConnectView.swift in Sources */,
				A05C9B2D2AE236960044F472 /* FreeRunView.swift in Sources */,
				A05C9B4D2AE45FF30044F472 /* AllActionsView.swift in Sources */,
				A05C9B332AE435FF0044F472 /* User.swift in Sources */,
				A0754B732AB7DE3D00DEB850 /* BLEController.swift in Sources */,
				A0754B752AB7E22C00DEB850 /* CBUUIDs.swift in Sources */,
				A05C9B512AE471360044F472 /* HeaderView.swift in Sources */,
				A05C9B2F2AE2369F0044F472 /* CycleRunView.swift in Sources */,
			);
			runOnlyForDeploymentPostprocessing = 0;
		};
/* End PBXSourcesBuildPhase section */

/* Begin XCBuildConfiguration section */
		A0754B6C2AB7BE7F00DEB850 /* Debug */ = {
			isa = XCBuildConfiguration;
			buildSettings = {
				ALWAYS_SEARCH_USER_PATHS = NO;
				ASSETCATALOG_COMPILER_GENERATE_SWIFT_ASSET_SYMBOL_EXTENSIONS = YES;
				CLANG_ANALYZER_NONNULL = YES;
				CLANG_ANALYZER_NUMBER_OBJECT_CONVERSION = YES_AGGRESSIVE;
				CLANG_CXX_LANGUAGE_STANDARD = "gnu++20";
				CLANG_ENABLE_MODULES = YES;
				CLANG_ENABLE_OBJC_ARC = YES;
				CLANG_ENABLE_OBJC_WEAK = YES;
				CLANG_WARN_BLOCK_CAPTURE_AUTORELEASING = YES;
				CLANG_WARN_BOOL_CONVERSION = YES;
				CLANG_WARN_COMMA = YES;
				CLANG_WARN_CONSTANT_CONVERSION = YES;
				CLANG_WARN_DEPRECATED_OBJC_IMPLEMENTATIONS = YES;
				CLANG_WARN_DIRECT_OBJC_ISA_USAGE = YES_ERROR;
				CLANG_WARN_DOCUMENTATION_COMMENTS = YES;
				CLANG_WARN_EMPTY_BODY = YES;
				CLANG_WARN_ENUM_CONVERSION = YES;
				CLANG_WARN_INFINITE_RECURSION = YES;
				CLANG_WARN_INT_CONVERSION = YES;
				CLANG_WARN_NON_LITERAL_NULL_CONVERSION = YES;
				CLANG_WARN_OBJC_IMPLICIT_RETAIN_SELF = YES;
				CLANG_WARN_OBJC_LITERAL_CONVERSION = YES;
				CLANG_WARN_OBJC_ROOT_CLASS = YES_ERROR;
				CLANG_WARN_QUOTED_INCLUDE_IN_FRAMEWORK_HEADER = YES;
				CLANG_WARN_RANGE_LOOP_ANALYSIS = YES;
				CLANG_WARN_STRICT_PROTOTYPES = YES;
				CLANG_WARN_SUSPICIOUS_MOVE = YES;
				CLANG_WARN_UNGUARDED_AVAILABILITY = YES_AGGRESSIVE;
				CLANG_WARN_UNREACHABLE_CODE = YES;
				CLANG_WARN__DUPLICATE_METHOD_MATCH = YES;
				COPY_PHASE_STRIP = NO;
				DEBUG_INFORMATION_FORMAT = dwarf;
				ENABLE_STRICT_OBJC_MSGSEND = YES;
				ENABLE_TESTABILITY = YES;
				ENABLE_USER_SCRIPT_SANDBOXING = YES;
				GCC_C_LANGUAGE_STANDARD = gnu11;
				GCC_DYNAMIC_NO_PIC = NO;
				GCC_NO_COMMON_BLOCKS = YES;
				GCC_OPTIMIZATION_LEVEL = 0;
				GCC_PREPROCESSOR_DEFINITIONS = (
					"DEBUG=1",
					"$(inherited)",
				);
				GCC_WARN_64_TO_32_BIT_CONVERSION = YES;
				GCC_WARN_ABOUT_RETURN_TYPE = YES_ERROR;
				GCC_WARN_UNDECLARED_SELECTOR = YES;
				GCC_WARN_UNINITIALIZED_AUTOS = YES_AGGRESSIVE;
				GCC_WARN_UNUSED_FUNCTION = YES;
				GCC_WARN_UNUSED_VARIABLE = YES;
				IPHONEOS_DEPLOYMENT_TARGET = 15.0;
				MTL_ENABLE_DEBUG_INFO = INCLUDE_SOURCE;
				MTL_FAST_MATH = YES;
				ONLY_ACTIVE_ARCH = YES;
				SDKROOT = iphoneos;
				SWIFT_ACTIVE_COMPILATION_CONDITIONS = DEBUG;
				SWIFT_OPTIMIZATION_LEVEL = "-Onone";
			};
			name = Debug;
		};
		A0754B6D2AB7BE7F00DEB850 /* Release */ = {
			isa = XCBuildConfiguration;
			buildSettings = {
				ALWAYS_SEARCH_USER_PATHS = NO;
				ASSETCATALOG_COMPILER_GENERATE_SWIFT_ASSET_SYMBOL_EXTENSIONS = YES;
				CLANG_ANALYZER_NONNULL = YES;
				CLANG_ANALYZER_NUMBER_OBJECT_CONVERSION = YES_AGGRESSIVE;
				CLANG_CXX_LANGUAGE_STANDARD = "gnu++20";
				CLANG_ENABLE_MODULES = YES;
				CLANG_ENABLE_OBJC_ARC = YES;
				CLANG_ENABLE_OBJC_WEAK = YES;
				CLANG_WARN_BLOCK_CAPTURE_AUTORELEASING = YES;
				CLANG_WARN_BOOL_CONVERSION = YES;
				CLANG_WARN_COMMA = YES;
				CLANG_WARN_CONSTANT_CONVERSION = YES;
				CLANG_WARN_DEPRECATED_OBJC_IMPLEMENTATIONS = YES;
				CLANG_WARN_DIRECT_OBJC_ISA_USAGE = YES_ERROR;
				CLANG_WARN_DOCUMENTATION_COMMENTS = YES;
				CLANG_WARN_EMPTY_BODY = YES;
				CLANG_WARN_ENUM_CONVERSION = YES;
				CLANG_WARN_INFINITE_RECURSION = YES;
				CLANG_WARN_INT_CONVERSION = YES;
				CLANG_WARN_NON_LITERAL_NULL_CONVERSION = YES;
				CLANG_WARN_OBJC_IMPLICIT_RETAIN_SELF = YES;
				CLANG_WARN_OBJC_LITERAL_CONVERSION = YES;
				CLANG_WARN_OBJC_ROOT_CLASS = YES_ERROR;
				CLANG_WARN_QUOTED_INCLUDE_IN_FRAMEWORK_HEADER = YES;
				CLANG_WARN_RANGE_LOOP_ANALYSIS = YES;
				CLANG_WARN_STRICT_PROTOTYPES = YES;
				CLANG_WARN_SUSPICIOUS_MOVE = YES;
				CLANG_WARN_UNGUARDED_AVAILABILITY = YES_AGGRESSIVE;
				CLANG_WARN_UNREACHABLE_CODE = YES;
				CLANG_WARN__DUPLICATE_METHOD_MATCH = YES;
				COPY_PHASE_STRIP = NO;
				DEBUG_INFORMATION_FORMAT = "dwarf-with-dsym";
				ENABLE_NS_ASSERTIONS = NO;
				ENABLE_STRICT_OBJC_MSGSEND = YES;
				ENABLE_USER_SCRIPT_SANDBOXING = YES;
				GCC_C_LANGUAGE_STANDARD = gnu11;
				GCC_NO_COMMON_BLOCKS = YES;
				GCC_WARN_64_TO_32_BIT_CONVERSION = YES;
				GCC_WARN_ABOUT_RETURN_TYPE = YES_ERROR;
				GCC_WARN_UNDECLARED_SELECTOR = YES;
				GCC_WARN_UNINITIALIZED_AUTOS = YES_AGGRESSIVE;
				GCC_WARN_UNUSED_FUNCTION = YES;
				GCC_WARN_UNUSED_VARIABLE = YES;
				IPHONEOS_DEPLOYMENT_TARGET = 15.0;
				MTL_ENABLE_DEBUG_INFO = NO;
				MTL_FAST_MATH = YES;
				SDKROOT = iphoneos;
				SWIFT_COMPILATION_MODE = wholemodule;
				SWIFT_OPTIMIZATION_LEVEL = "-O";
				VALIDATE_PRODUCT = YES;
			};
			name = Release;
		};
		A0754B6F2AB7BE7F00DEB850 /* Debug */ = {
			isa = XCBuildConfiguration;
			buildSettings = {
				ASSETCATALOG_COMPILER_APPICON_NAME = AppIcon;
				ASSETCATALOG_COMPILER_GLOBAL_ACCENT_COLOR_NAME = AccentColor;
				CODE_SIGN_IDENTITY = "Apple Development";
				CODE_SIGN_STYLE = Automatic;
				CURRENT_PROJECT_VERSION = 1;
				DEVELOPMENT_ASSET_PATHS = "\"ATC-Sensory-Device-iOS/Preview Content\"";
				DEVELOPMENT_TEAM = 6QVD2LL7TK;
				ENABLE_PREVIEWS = YES;
				GENERATE_INFOPLIST_FILE = YES;
				INFOPLIST_FILE = "ATC-Sensory-Device-iOS-Info.plist";
				INFOPLIST_KEY_CFBundleDisplayName = "ATC Sensory Cuff";
				INFOPLIST_KEY_NSBluetoothAlwaysUsageDescription = "Can this app always use Bluetooth?";
				INFOPLIST_KEY_NSBluetoothPeripheralUsageDescription = "Allow app to search for Sensory Cuff";
				INFOPLIST_KEY_UIApplicationSceneManifest_Generation = YES;
				INFOPLIST_KEY_UIApplicationSupportsIndirectInputEvents = YES;
				INFOPLIST_KEY_UILaunchScreen_Generation = YES;
				INFOPLIST_KEY_UIStatusBarStyle = "";
				INFOPLIST_KEY_UISupportedInterfaceOrientations = "UIInterfaceOrientationPortrait UIInterfaceOrientationPortraitUpsideDown";
				INFOPLIST_KEY_UIUserInterfaceStyle = Light;
				IPHONEOS_DEPLOYMENT_TARGET = 14.0;
				LD_RUNPATH_SEARCH_PATHS = (
					"$(inherited)",
					"@executable_path/Frameworks",
				);
				MARKETING_VERSION = 1.0;
				PRODUCT_BUNDLE_IDENTIFIER = "EPICS.ATC-Sensory-Device-iOS";
				PRODUCT_NAME = "$(TARGET_NAME)";
				PROVISIONING_PROFILE_SPECIFIER = "";
				SWIFT_EMIT_LOC_STRINGS = YES;
				SWIFT_VERSION = 5.0;
				TARGETED_DEVICE_FAMILY = "1,2";
			};
			name = Debug;
		};
		A0754B702AB7BE7F00DEB850 /* Release */ = {
			isa = XCBuildConfiguration;
			buildSettings = {
				ASSETCATALOG_COMPILER_APPICON_NAME = AppIcon;
				ASSETCATALOG_COMPILER_GLOBAL_ACCENT_COLOR_NAME = AccentColor;
				CODE_SIGN_IDENTITY = "Apple Development";
				CODE_SIGN_STYLE = Automatic;
				CURRENT_PROJECT_VERSION = 1;
				DEVELOPMENT_ASSET_PATHS = "\"ATC-Sensory-Device-iOS/Preview Content\"";
				DEVELOPMENT_TEAM = 6QVD2LL7TK;
				ENABLE_PREVIEWS = YES;
				GENERATE_INFOPLIST_FILE = YES;
				INFOPLIST_FILE = "ATC-Sensory-Device-iOS-Info.plist";
				INFOPLIST_KEY_CFBundleDisplayName = "ATC Sensory Cuff";
				INFOPLIST_KEY_NSBluetoothAlwaysUsageDescription = "Can this app always use Bluetooth?";
				INFOPLIST_KEY_NSBluetoothPeripheralUsageDescription = "Allow app to search for Sensory Cuff";
				INFOPLIST_KEY_UIApplicationSceneManifest_Generation = YES;
				INFOPLIST_KEY_UIApplicationSupportsIndirectInputEvents = YES;
				INFOPLIST_KEY_UILaunchScreen_Generation = YES;
				INFOPLIST_KEY_UIStatusBarStyle = "";
				INFOPLIST_KEY_UISupportedInterfaceOrientations = "UIInterfaceOrientationPortrait UIInterfaceOrientationPortraitUpsideDown";
				INFOPLIST_KEY_UIUserInterfaceStyle = Light;
				IPHONEOS_DEPLOYMENT_TARGET = 14.0;
				LD_RUNPATH_SEARCH_PATHS = (
					"$(inherited)",
					"@executable_path/Frameworks",
				);
				MARKETING_VERSION = 1.0;
				PRODUCT_BUNDLE_IDENTIFIER = "EPICS.ATC-Sensory-Device-iOS";
				PRODUCT_NAME = "$(TARGET_NAME)";
				PROVISIONING_PROFILE_SPECIFIER = "";
				SWIFT_EMIT_LOC_STRINGS = YES;
				SWIFT_VERSION = 5.0;
				TARGETED_DEVICE_FAMILY = "1,2";
			};
			name = Release;
		};
/* End XCBuildConfiguration section */

/* Begin XCConfigurationList section */
		A0754B5B2AB7BE7B00DEB850 /* Build configuration list for PBXProject "ATC-Sensory-Device-iOS" */ = {
			isa = XCConfigurationList;
			buildConfigurations = (
				A0754B6C2AB7BE7F00DEB850 /* Debug */,
				A0754B6D2AB7BE7F00DEB850 /* Release */,
			);
			defaultConfigurationIsVisible = 0;
			defaultConfigurationName = Release;
		};
		A0754B6E2AB7BE7F00DEB850 /* Build configuration list for PBXNativeTarget "ATC-Sensory-Device-iOS" */ = {
			isa = XCConfigurationList;
			buildConfigurations = (
				A0754B6F2AB7BE7F00DEB850 /* Debug */,
				A0754B702AB7BE7F00DEB850 /* Release */,
			);
			defaultConfigurationIsVisible = 0;
			defaultConfigurationName = Release;
		};
/* End XCConfigurationList section */
	};
	rootObject = A0754B582AB7BE7B00DEB850 /* Project object */;
}
